
Microsoft Visual Studio Solution File, Format Version 12.00
# Visual Studio Version 16
VisualStudioVersion = 16.0.31624.102
MinimumVisualStudioVersion = 10.0.40219.1
Project("{FAE04EC0-301F-11D3-BF4B-00C04F79EFBC}") = "DB_xml", "DB_xml\DB_xml.csproj", "{E47B7D35-6DEF-4380-97A4-792C94362784}"
EndProject
Global
	GlobalSection(SolutionConfigurationPlatforms) = preSolution
		Debug|Any CPU = Debug|Any CPU
		Release|Any CPU = Release|Any CPU
	EndGlobalSection
	GlobalSection(ProjectConfigurationPlatforms) = postSolution
		{E47B7D35-6DEF-4380-97A4-792C94362784}.Debug|Any CPU.ActiveCfg = Debug|Any CPU
		{E47B7D35-6DEF-4380-97A4-792C94362784}.Debug|Any CPU.Build.0 = Debug|Any CPU
		{E47B7D35-6DEF-4380-97A4-792C94362784}.Release|Any CPU.ActiveCfg = Release|Any CPU
		{E47B7D35-6DEF-4380-97A4-792C94362784}.Release|Any CPU.Build.0 = Release|Any CPU
	EndGlobalSection
	GlobalSection(SolutionProperties) = preSolution
		HideSolutionNode = FALSE
	EndGlobalSection
	GlobalSection(ExtensibilityGlobals) = postSolution
		SolutionGuid = {8A7EF10B-F253-430E-9586-0D9687732B9E}
	EndGlobalSection
EndGlobal
