
Microsoft Visual Studio Solution File, Format Version 12.00
# Visual Studio Version 16
VisualStudioVersion = 16.0.31624.102
MinimumVisualStudioVersion = 10.0.40219.1
Project("{9A19103F-16F7-4668-BE54-9A1E7A4F7556}") = "DB_xml", "DB_xml\DB_xml.csproj", "{E47B7D35-6DEF-4380-97A4-792C94362784}"
EndProject
Project("{2150E333-8FDC-42A3-9474-1A3956D46DE8}") = "Solution Items", "Solution Items", "{1DB8E9F9-6E8C-4F77-AFB7-5C4F6B8E6ECB}"
EndProject
Global
	GlobalSection(SolutionConfigurationPlatforms) = preSolution
		Debug|Any CPU = Debug|Any CPU
		Release|Any CPU = Release|Any CPU
	EndGlobalSection
	GlobalSection(ProjectConfigurationPlatforms) = postSolution
		{E47B7D35-6DEF-4380-97A4-792C94362784}.Debug|Any CPU.ActiveCfg = Debug|Any CPU
		{E47B7D35-6DEF-4380-97A4-792C94362784}.Debug|Any CPU.Build.0 = Debug|Any CPU
		{E47B7D35-6DEF-4380-97A4-792C94362784}.Release|Any CPU.ActiveCfg = Release|Any CPU
		{E47B7D35-6DEF-4380-97A4-792C94362784}.Release|Any CPU.Build.0 = Release|Any CPU
	EndGlobalSection
	GlobalSection(SolutionProperties) = preSolution
		HideSolutionNode = FALSE
	EndGlobalSection
	GlobalSection(ExtensibilityGlobals) = postSolution
		SolutionGuid = {8A7EF10B-F253-430E-9586-0D9687732B9E}
	EndGlobalSection
EndGlobal
